
Microsoft Visual Studio Solution File, Format Version 12.00
# Visual Studio 15
VisualStudioVersion = 15.0.27703.2042
MinimumVisualStudioVersion = 10.0.40219.1
Project("{FAE04EC0-301F-11D3-BF4B-00C04F79EFBC}") = "Charp-2_Db", "Charp-2_Db\Charp-2_Db.csproj", "{BBCFF361-A3F6-436E-A31F-F63868847CE9}"
EndProject
Project("{FAE04EC0-301F-11D3-BF4B-00C04F79EFBC}") = "Web_db", "Web_db\Web_db.csproj", "{2ECC43E0-0F46-4694-A482-772C9993B55B}"
EndProject
Global
	GlobalSection(SolutionConfigurationPlatforms) = preSolution
		Debug|Any CPU = Debug|Any CPU
		Release|Any CPU = Release|Any CPU
	EndGlobalSection
	GlobalSection(ProjectConfigurationPlatforms) = postSolution
		{BBCFF361-A3F6-436E-A31F-F63868847CE9}.Debug|Any CPU.ActiveCfg = Debug|Any CPU
		{BBCFF361-A3F6-436E-A31F-F63868847CE9}.Debug|Any CPU.Build.0 = Debug|Any CPU
		{BBCFF361-A3F6-436E-A31F-F63868847CE9}.Release|Any CPU.ActiveCfg = Release|Any CPU
		{BBCFF361-A3F6-436E-A31F-F63868847CE9}.Release|Any CPU.Build.0 = Release|Any CPU
		{2ECC43E0-0F46-4694-A482-772C9993B55B}.Debug|Any CPU.ActiveCfg = Debug|Any CPU
		{2ECC43E0-0F46-4694-A482-772C9993B55B}.Debug|Any CPU.Build.0 = Debug|Any CPU
		{2ECC43E0-0F46-4694-A482-772C9993B55B}.Release|Any CPU.ActiveCfg = Release|Any CPU
		{2ECC43E0-0F46-4694-A482-772C9993B55B}.Release|Any CPU.Build.0 = Release|Any CPU
	EndGlobalSection
	GlobalSection(SolutionProperties) = preSolution
		HideSolutionNode = FALSE
	EndGlobalSection
	GlobalSection(ExtensibilityGlobals) = postSolution
		SolutionGuid = {365677B7-16DE-4F5A-8CE7-67704416771B}
	EndGlobalSection
EndGlobal
